{
  "name": "@patternfly/pfe-accordion",
  "version": "1.0.0-prerelease.48",
  "lockfileVersion": 1,
  "requires": true,
  "dependencies": {
    "@patternfly/pfe-sass": {
      "version": "1.0.0-prerelease.15",
      "resolved": "https://registry.npmjs.org/@patternfly/pfe-sass/-/pfe-sass-1.0.0-prerelease.15.tgz",
      "integrity": "sha512-MFQkvVfg3D8QyEGpL2mFA7UJJR+wgJPR2bTUNu0Ci0Wa1VFYlNjTKNMjIqHK3nX3sD3PVoOCzB2WHQ/r4y+16A=="
    },
    "@patternfly/pfelement": {
      "version": "1.0.0-prerelease.15",
      "resolved": "https://registry.npmjs.org/@patternfly/pfelement/-/pfelement-1.0.0-prerelease.15.tgz",
      "integrity": "sha512-VgxpZKIZLe2bmwqhk43cx+bHRfzKltPrkP28mKapND5b9CLGRkye1DRMWjdD2vLsPRIVWSspRtbIzh5jNYvzqA=="
    }
  }
}
