{
  "name": "@patternfly/pfe-autocomplete",
  "version": "1.0.0-prerelease.3",
  "lockfileVersion": 1,
  "requires": true,
  "dependencies": {
    "@pfelements/pfe-sass": {
      "version": "1.0.0-prerelease.3",
      "resolved": "https://registry.npmjs.org/@pfelements/pfe-sass/-/pfe-sass-1.0.0-prerelease.3.tgz",
      "integrity": "sha512-Hdk7ovGYyujgveA3uc6rJEVNY1AsrsTjCvBuWGiO9fVe2btHKlAnbn5LIaakSfh0QLsRBBnfJtJ1IwZiswTw/A=="
    },
    "@pfelements/pfelement": {
      "version": "1.0.0-prerelease.3",
      "resolved": "https://registry.npmjs.org/@pfelements/pfelement/-/pfelement-1.0.0-prerelease.3.tgz",
      "integrity": "sha512-ssPLRudB0WETMQ+gBACrCcudfQeVbjRN6blH9aXafnVZTDGzmjPCenSsGUEw1Viz7OrYj/nUn2gFUWMxMcJr5g=="
    }
  }
}
