{
  "name": "@patternfly/pfe-autocomplete",
  "version": "1.0.0-prerelease.48",
  "lockfileVersion": 1,
  "requires": true,
  "dependencies": {
    "@patternfly/pfe-sass": {
      "version": "1.0.0-prerelease.8",
      "resolved": "https://registry.npmjs.org/@patternfly/pfe-sass/-/pfe-sass-1.0.0-prerelease.8.tgz",
      "integrity": "sha512-MgDGKv6eq96XvRNqfb8B91FuZRiNBUjAs/Bv6nMz/QBvF2wEr/fCNk3t5sxyg1IIbylVIo9hw4ZLhpkdK/fdzw=="
    },
    "@patternfly/pfelement": {
      "version": "1.0.0-prerelease.8",
      "resolved": "https://registry.npmjs.org/@patternfly/pfelement/-/pfelement-1.0.0-prerelease.8.tgz",
      "integrity": "sha512-dc020YiXzyLfFEgo3m8/qUD3VaXGjwSSxkxdevwJ1nBwOfcuywb8LYQTGGz04I4Oi5bSgO2n4zFb3nLFUXwYMw=="
    }
  }
}
