{
  "name": "@patternfly/pfe-cta",
  "version": "1.0.0-prerelease.13",
  "lockfileVersion": 1,
  "requires": true,
  "dependencies": {
    "@patternfly/pfe-sass": {
      "version": "1.0.0-prerelease.14",
      "resolved": "https://registry.npmjs.org/@patternfly/pfe-sass/-/pfe-sass-1.0.0-prerelease.14.tgz",
      "integrity": "sha512-QvlI56Gem4hUTdnnwnL05Xms9PGEgGLhk+HvfjSsb7aH8fV46Br/Yh4nZryFBN2PASsP5NVHltF1gD+RWC7tdw=="
    },
    "@patternfly/pfelement": {
      "version": "1.0.0-prerelease.14",
      "resolved": "https://registry.npmjs.org/@patternfly/pfelement/-/pfelement-1.0.0-prerelease.14.tgz",
      "integrity": "sha512-4W5yO+QIt/V1QtK9IdcUTldfvu0m9zH4l3u978lZlhuFvzSZBsOlvKVP4KZVr3oOQ5ZjpG17iuKJ1udQoD9aPw=="
    }
  }
}
