{
  "name": "@patternfly/pfe-cta",
  "version": "1.0.0-prerelease.48",
  "lockfileVersion": 1,
  "requires": true,
  "dependencies": {
    "@patternfly/pfe-sass": {
      "version": "1.0.0-prerelease.33",
      "resolved": "https://registry.npmjs.org/@patternfly/pfe-sass/-/pfe-sass-1.0.0-prerelease.33.tgz",
      "integrity": "sha512-9Xj9zfH3ViVpzPZAyTDTh9nGrDI87wZdNe6LfXB4kHgo/xB7LKsn83SBllDzNzyyQBef+Nv4iKu6fDPjFpkbGg=="
    },
    "@patternfly/pfelement": {
      "version": "1.0.0-prerelease.31",
      "resolved": "https://registry.npmjs.org/@patternfly/pfelement/-/pfelement-1.0.0-prerelease.31.tgz",
      "integrity": "sha512-57UpX2ACv351jn7shs01atFt0xDi31J07juubifISHhYuODSIfJqbfAK9XN138m9DP1n02Q2K9NbCsYZQld1bA=="
    }
  }
}
