{
	"name": "@patternfly/pfe-badge",
	"version": "1.0.0-prerelease.48",
	"lockfileVersion": 1,
	"requires": true,
	"dependencies": {
		"@patternfly/pfe-sass": {
			"version": "1.0.0-prerelease.28",
			"resolved": "https://registry.npmjs.org/@patternfly/pfe-sass/-/pfe-sass-1.0.0-prerelease.28.tgz",
			"integrity": "sha512-RmyU/IevisSY/PseWl2DXsaLURxU0SwP0x8sk/BJ0fGfd1i8eHOaKThXSQFxnYu3TOTHX8enxnH+RKSVvJGGfg=="
		},
		"@patternfly/pfelement": {
			"version": "1.0.0-prerelease.28",
			"resolved": "https://registry.npmjs.org/@patternfly/pfelement/-/pfelement-1.0.0-prerelease.28.tgz",
			"integrity": "sha512-bQGsmm47t5CZDyHWTKHLN4Mvk/n1x2aAmCPAswf9xwzV/EdgB88k1fBdshs7NSbr18s7Po742Q2vKUEsrLL4jg=="
		}
	}
}
