{
	"name": "@patternfly/pfe-badge",
	"version": "1.0.0-prerelease.39",
	"lockfileVersion": 1,
	"requires": true,
	"dependencies": {
		"@patternfly/pfe-sass": {
			"version": "1.0.0-prerelease.28",
			"resolved": "https://registry.npmjs.org/@patternfly/pfe-sass/-/pfe-sass-1.0.0-prerelease.28.tgz",
			"integrity": "sha512-RmyU/IevisSY/PseWl2DXsaLURxU0SwP0x8sk/BJ0fGfd1i8eHOaKThXSQFxnYu3TOTHX8enxnH+RKSVvJGGfg=="
		}
	}
}
