{
  "name": "@patternfly/pfe-icon",
  "version": "1.0.0-prerelease.45",
  "lockfileVersion": 1,
  "requires": true,
  "dependencies": {
    "@patternfly/pfe-sass": {
      "version": "1.0.0-prerelease.45",
      "resolved": "https://registry.npmjs.org/@patternfly/pfe-sass/-/pfe-sass-1.0.0-prerelease.45.tgz",
      "integrity": "sha512-lZjTB9gK+pDadrVd03lQUi3lkCAZ/BWKmibbrow8ax2DmgJciTWkK1bnRJpc92KpMQobwitEVH8WnOLu1CaXzA=="
    },
    "@patternfly/pfelement": {
      "version": "1.0.0-prerelease.45",
      "resolved": "https://registry.npmjs.org/@patternfly/pfelement/-/pfelement-1.0.0-prerelease.45.tgz",
      "integrity": "sha512-YcFwKNj9Vo02hIwnUH4pjwC3wyRfmvnF2mPCBfKlYbDV/53SHymvdm0qrG95Bn8y9X2u3e6I99OHiSTLx8zgJg=="
    }
  }
}
