{
  "name": "@patternfly/pfe-icon",
  "version": "1.0.0-prerelease.48",
  "lockfileVersion": 1,
  "requires": true,
  "dependencies": {
    "@patternfly/pfe-sass": {
      "version": "1.0.0-prerelease.27",
      "resolved": "https://registry.npmjs.org/@patternfly/pfe-sass/-/pfe-sass-1.0.0-prerelease.27.tgz",
      "integrity": "sha512-tgau747h2WSzKdjofc2GFTaYQQlhG3ujNiw4bfGP/NiTM/f8S12M5SjiAXxqz6VEMDfbo1qDI3URK5yfm4FGZg=="
    },
    "@patternfly/pfelement": {
      "version": "1.0.0-prerelease.27",
      "resolved": "https://registry.npmjs.org/@patternfly/pfelement/-/pfelement-1.0.0-prerelease.27.tgz",
      "integrity": "sha512-ppoflK3/C1qZGsMEBGMnD9iDlMKgPoLeSMQsL3Sk4eTV8zfTZsCpjYSCXhBvfuV/jBR1laSXURgqsMp+OtBT1A=="
    }
  }
}
