{
  "name": "@patternfly/pfe-number",
  "version": "1.0.0-prerelease.49",
  "lockfileVersion": 1,
  "requires": true,
  "dependencies": {
    "@patternfly/pfelement": {
      "version": "1.0.0-prerelease.49",
      "resolved": "https://registry.npmjs.org/@patternfly/pfelement/-/pfelement-1.0.0-prerelease.49.tgz",
      "integrity": "sha512-Gmjdep+dJQTFSVmCdY8mgP0UR8NqjrHnH1COKRMinYqVwewwqi58qL5kA78vG5zd0DRXDEETEhdICIWIqKbT+g=="
    },
    "numeral": {
      "version": "2.0.6",
      "resolved": "https://registry.npmjs.org/numeral/-/numeral-2.0.6.tgz",
      "integrity": "sha1-StCAk21EPCVhrtnyGX7//iX05QY="
    }
  }
}
