{
  "name": "@patternfly/pfe-health-index",
  "version": "1.0.0-prerelease.50",
  "lockfileVersion": 1,
  "requires": true,
  "dependencies": {
    "@patternfly/pfe-sass": {
      "version": "1.0.0-prerelease.50",
      "resolved": "https://registry.npmjs.org/@patternfly/pfe-sass/-/pfe-sass-1.0.0-prerelease.50.tgz",
      "integrity": "sha512-sYK6UxEzVqqMxIVA5JNVv8virneY7FPSLNfJBD8ENBnwqeUmBJTsE0h3V0LlvpLJhRj0DoBOy1D5DcFB35DPyQ=="
    },
    "@patternfly/pfelement": {
      "version": "1.0.0-prerelease.50",
      "resolved": "https://registry.npmjs.org/@patternfly/pfelement/-/pfelement-1.0.0-prerelease.50.tgz",
      "integrity": "sha512-h3BXylNpxnt7tMXgKgk6ZbV27F/VfVOd4n7FaXDerUM74dT9l+NRjknAqHaVeYRoWpu0OjdsIQsvmkS5QUUz5A=="
    }
  }
}
