{
  "name": "@rhelements/rh-cta",
  "version": "0.0.2",
  "lockfileVersion": 1,
  "requires": true,
  "dependencies": {
    "@rhelements/rh-sass": {
      "version": "0.0.1",
      "resolved": "https://registry.npmjs.org/@rhelements/rh-sass/-/rh-sass-0.0.1.tgz",
      "integrity": "sha512-UOExz52lIfm/vQbg6mRbNk6aVd6OZsz2EEDes1AdaqsFXzmDeAmldNkx3W+qhOUERohcUDBOVsFOZ4qY4wlSwA==",
      "requires": {
        "breakpoint-sass": "2.7.1"
      }
    },
    "@rhelements/rhelement": {
      "version": "0.0.5",
      "resolved": "https://registry.npmjs.org/@rhelements/rhelement/-/rhelement-0.0.5.tgz",
      "integrity": "sha512-w6RcmVefRg87uAs4dezWROkwx2J3Ij7cEavXZ7yUsPqXNlv1ICgguU72Wn6azYkRNYM8jPIgZfhIonPdlUlPrw=="
    },
    "breakpoint-sass": {
      "version": "2.7.1",
      "resolved": "https://registry.npmjs.org/breakpoint-sass/-/breakpoint-sass-2.7.1.tgz",
      "integrity": "sha1-jvbEdE3MJbqD2Wm2yaF+XaopmAo="
    }
  }
}
