{
  "name": "@patternfly/pfe-tabs",
  "version": "1.0.0-prerelease.48",
  "lockfileVersion": 1,
  "requires": true,
  "dependencies": {
    "@patternfly/pfe-sass": {
      "version": "1.0.0-prerelease.13",
      "resolved": "https://registry.npmjs.org/@patternfly/pfe-sass/-/pfe-sass-1.0.0-prerelease.13.tgz",
      "integrity": "sha512-imQxaOC/k29AOEA0n8EJtkUM4tPUluX5X/jbONNGRPjvhawOI0AjGCF/ZxTXdL3fJrn4E70Elbpdc/31CqoCag=="
    },
    "@patternfly/pfelement": {
      "version": "1.0.0-prerelease.13",
      "resolved": "https://registry.npmjs.org/@patternfly/pfelement/-/pfelement-1.0.0-prerelease.13.tgz",
      "integrity": "sha512-9ZdpaI4A7ofwqWRZRAFZD8a+eNu/pTB3Q/QdQESbHshWROqZOJgfl4p++9V6HGE3QBwscHhEmVc2AqSO0pA4nw=="
    }
  }
}
