{
  "name": "@rhelements/rh-avatar",
  "version": "1.0.0-prerelease.3",
  "lockfileVersion": 1,
  "requires": true,
  "dependencies": {
    "@rhelements/rh-sass": {
      "version": "1.0.0-prerelease.3",
      "resolved": "https://registry.npmjs.org/@rhelements/rh-sass/-/rh-sass-1.0.0-prerelease.3.tgz",
      "integrity": "sha512-Hdk7ovGYyujgveA3uc6rJEVNY1AsrsTjCvBuWGiO9fVe2btHKlAnbn5LIaakSfh0QLsRBBnfJtJ1IwZiswTw/A=="
    },
    "@rhelements/rhelement": {
      "version": "1.0.0-prerelease.3",
      "resolved": "https://registry.npmjs.org/@rhelements/rhelement/-/rhelement-1.0.0-prerelease.3.tgz",
      "integrity": "sha512-ssPLRudB0WETMQ+gBACrCcudfQeVbjRN6blH9aXafnVZTDGzmjPCenSsGUEw1Viz7OrYj/nUn2gFUWMxMcJr5g=="
    }
  }
}
