{
	"name": "@rhelements/rh-avatar",
	"version": "1.0.0-prerelease.3",
	"lockfileVersion": 1,
	"requires": true,
	"dependencies": {
		"@rhelements/hslrgb": {
			"version": "1.0.1",
			"resolved": "https://registry.npmjs.org/@rhelements/hslrgb/-/hslrgb-1.0.1.tgz",
			"integrity": "sha512-sXq9m5k5IQmd8QN+hFR+NgNYErh7Mwou6OXs2loPKcaLe0jG6wdboVcA3LFhpSyaAlS+9s3lmWX3RvZ3gogpjg=="
		},
		"@rhelements/rh-sass": {
			"version": "1.0.0-prerelease.3",
			"resolved": "https://registry.npmjs.org/@rhelements/rh-sass/-/rh-sass-1.0.0-prerelease.3.tgz",
			"integrity": "sha512-Hdk7ovGYyujgveA3uc6rJEVNY1AsrsTjCvBuWGiO9fVe2btHKlAnbn5LIaakSfh0QLsRBBnfJtJ1IwZiswTw/A=="
		}
	}
}
