{
  "requires": true,
  "lockfileVersion": 1,
  "dependencies": {
    "@rhelements/rh-onebox": {
      "version": "0.0.4",
      "resolved": "https://registry.npmjs.org/@rhelements/rh-onebox/-/rh-onebox-0.0.4.tgz",
      "integrity": "sha512-VtM6LTYlPzee6linNrV6UbdzaQV8enmtTg8fRDeDYxiEeGY7DZ2KenvM1MmGs2NMJK8hRvRIt4p+wbRWwrLeqA==",
      "requires": {
        "@rhelements/rhelement": "0.0.4",
        "whatwg-fetch": "^2.0.3"
      }
    },
    "@rhelements/rhelement": {
      "version": "0.0.4",
      "resolved": "https://registry.npmjs.org/@rhelements/rhelement/-/rhelement-0.0.4.tgz",
      "integrity": "sha512-QtEI3bj3PzU7SF3pSTm/92PA4d7Ez5hMa0a7kJqB/wxYiXCjjsQc8yagPeh/9oV+MqNRjN2/r6pT68XjvWbJYQ=="
    },
    "whatwg-fetch": {
      "version": "2.0.4",
      "resolved": "https://registry.npmjs.org/whatwg-fetch/-/whatwg-fetch-2.0.4.tgz",
      "integrity": "sha512-dcQ1GWpOD/eEQ97k66aiEVpNnapVj90/+R+SXTPYGHpYBBypfKJEQjLrvMZ7YXbKm21gXd4NcuxUTjiv1YtLng=="
    }
  }
}
