{
  "name": "@rhelements/cp-dialog",
  "version": "0.0.1",
  "lockfileVersion": 1,
  "requires": true,
  "dependencies": {
    "@rhelements/cp-sass": {
      "version": "0.0.9",
      "requires": {
        "breakpoint-sass": "2.7.1"
      },
      "dependencies": {
        "breakpoint-sass": {
          "version": "2.7.1",
          "bundled": true
        }
      }
    },
    "@rhelements/rhelement": {
      "version": "0.0.4"
    },
    "dialog-polyfill": {
      "version": "0.4.9",
      "resolved": "https://registry.npmjs.org/dialog-polyfill/-/dialog-polyfill-0.4.9.tgz",
      "integrity": "sha512-iM4ZXRLOA/qpbW6XznGOq7Iq58JoXhZGo+OMG8K3wFxvIatnMTnIancLGEKa6WYy6oTkndfb2UXQ6FGtoUBn1g=="
    }
  }
}
