{
  "requires": true,
  "lockfileVersion": 1,
  "dependencies": {
    "dialog-polyfill": {
      "version": "0.4.9",
      "resolved": "https://registry.npmjs.org/dialog-polyfill/-/dialog-polyfill-0.4.9.tgz",
      "integrity": "sha512-iM4ZXRLOA/qpbW6XznGOq7Iq58JoXhZGo+OMG8K3wFxvIatnMTnIancLGEKa6WYy6oTkndfb2UXQ6FGtoUBn1g=="
    }
  }
}
