{
  "name": "@patternfly/pfe-link-list",
  "version": "1.0.0-prerelease.9",
  "lockfileVersion": 1,
  "requires": true,
  "dependencies": {
    "@patternfly/pfe-sass": {
      "version": "1.0.0-prerelease.9",
      "resolved": "https://registry.npmjs.org/@patternfly/pfe-sass/-/pfe-sass-1.0.0-prerelease.9.tgz",
      "integrity": "sha512-sMo2ZSzBV9wRSjlMxc0cxytYalZ6uk+rQM5X42Hh2qZzjw0v3uUCKDD5Y1kealMvM0yaLymTj1fSaUaeBOxccg=="
    },
    "@patternfly/pfelement": {
      "version": "1.0.0-prerelease.9",
      "resolved": "https://registry.npmjs.org/@patternfly/pfelement/-/pfelement-1.0.0-prerelease.9.tgz",
      "integrity": "sha512-dgwj6IHzWXuDuvSYQYfKuqXAKsQNwIiugIFvIUzyMFLCPMbBiya95zd47wu2s4Bk3qoCaWKxcj0v14P0hMFcyQ=="
    }
  }
}
