{
  "name": "@rhelements/rh-search-result",
  "version": "0.0.1",
  "lockfileVersion": 1,
  "requires": true,
  "dependencies": {
    "@rhelements/rh-sass": {
      "version": "0.0.1",
      "resolved": "https://registry.npmjs.org/@rhelements/rh-sass/-/rh-sass-0.0.1.tgz",
      "integrity": "sha512-UOExz52lIfm/vQbg6mRbNk6aVd6OZsz2EEDes1AdaqsFXzmDeAmldNkx3W+qhOUERohcUDBOVsFOZ4qY4wlSwA==",
      "requires": {
        "breakpoint-sass": "^2.7.1"
      }
    },
    "@rhelements/rhelement": {
      "version": "0.0.4",
      "resolved": "https://registry.npmjs.org/@rhelements/rhelement/-/rhelement-0.0.4.tgz",
      "integrity": "sha512-QtEI3bj3PzU7SF3pSTm/92PA4d7Ez5hMa0a7kJqB/wxYiXCjjsQc8yagPeh/9oV+MqNRjN2/r6pT68XjvWbJYQ=="
    },
    "breakpoint-sass": {
      "version": "2.7.1",
      "resolved": "https://registry.npmjs.org/breakpoint-sass/-/breakpoint-sass-2.7.1.tgz",
      "integrity": "sha1-jvbEdE3MJbqD2Wm2yaF+XaopmAo="
    }
  }
}
