{
  "name": "@patternfly/pfe-navigation",
  "version": "1.0.0-prerelease.13",
  "lockfileVersion": 1,
  "requires": true,
  "dependencies": {
    "@patternfly/pfe-accordion": {
      "version": "1.0.0-prerelease.14",
      "resolved": "https://registry.npmjs.org/@patternfly/pfe-accordion/-/pfe-accordion-1.0.0-prerelease.14.tgz",
      "integrity": "sha512-WwyChUumC9vDOHHf/svKcxZnAVoKxrEh2wXBxasXjtfskoYM+/YQZte4tMIOO/hAH5kQenSjdX34ObgOZYlbzg==",
      "requires": {
        "@patternfly/pfe-sass": "^1.0.0-prerelease.14",
        "@patternfly/pfelement": "^1.0.0-prerelease.14"
      },
      "dependencies": {
        "@patternfly/pfe-sass": {
          "version": "1.0.0-prerelease.14",
          "resolved": "https://registry.npmjs.org/@patternfly/pfe-sass/-/pfe-sass-1.0.0-prerelease.14.tgz",
          "integrity": "sha512-QvlI56Gem4hUTdnnwnL05Xms9PGEgGLhk+HvfjSsb7aH8fV46Br/Yh4nZryFBN2PASsP5NVHltF1gD+RWC7tdw=="
        },
        "@patternfly/pfelement": {
          "version": "1.0.0-prerelease.14",
          "resolved": "https://registry.npmjs.org/@patternfly/pfelement/-/pfelement-1.0.0-prerelease.14.tgz",
          "integrity": "sha512-4W5yO+QIt/V1QtK9IdcUTldfvu0m9zH4l3u978lZlhuFvzSZBsOlvKVP4KZVr3oOQ5ZjpG17iuKJ1udQoD9aPw=="
        }
      }
    },
    "@patternfly/pfe-sass": {
      "version": "1.0.0-prerelease.13",
      "resolved": "https://registry.npmjs.org/@patternfly/pfe-sass/-/pfe-sass-1.0.0-prerelease.13.tgz",
      "integrity": "sha512-imQxaOC/k29AOEA0n8EJtkUM4tPUluX5X/jbONNGRPjvhawOI0AjGCF/ZxTXdL3fJrn4E70Elbpdc/31CqoCag=="
    },
    "@patternfly/pfelement": {
      "version": "1.0.0-prerelease.13",
      "resolved": "https://registry.npmjs.org/@patternfly/pfelement/-/pfelement-1.0.0-prerelease.13.tgz",
      "integrity": "sha512-9ZdpaI4A7ofwqWRZRAFZD8a+eNu/pTB3Q/QdQESbHshWROqZOJgfl4p++9V6HGE3QBwscHhEmVc2AqSO0pA4nw=="
    }
  }
}
