{
  "name": "@patternfly/pfe-navigation",
  "version": "1.0.0",
  "lockfileVersion": 1,
  "requires": true,
  "dependencies": {
    "@patternfly/pfe-icon": {
      "version": "1.0.0",
      "requires": {
        "@patternfly/pfelement": "^1.0.0"
      },
      "dependencies": {
        "@patternfly/pfe-sass": {
          "requires": {
            "@patternfly/patternfly": "^4.23.3"
          },
          "dependencies": {
            "@patternfly/patternfly": {
              "version": "4.70.2",
              "resolved": "https://repository.engineering.redhat.com/nexus/repository/registry.npmjs.org/@patternfly/patternfly/-/patternfly-4.70.2.tgz",
              "integrity": "sha512-XKCHnOjx1JThY3s98AJhsApSsGHPvEdlY7r+b18OecqUnmThVGw3nslzYYrwfCGlJ/xQtV5so29SduH2/uhHzA=="
            }
          }
        },
        "@patternfly/pfelement": {
          "version": "1.0.0"
        }
      }
    },
    "@patternfly/pfe-sass": {
      "version": "1.0.0",
      "dev": true,
      "requires": {
        "@patternfly/patternfly": "^4.23.3"
      },
      "dependencies": {
        "@patternfly/patternfly": {
          "version": "4.70.2",
          "resolved": "https://repository.engineering.redhat.com/nexus/repository/registry.npmjs.org/@patternfly/patternfly/-/patternfly-4.70.2.tgz",
          "integrity": "sha512-XKCHnOjx1JThY3s98AJhsApSsGHPvEdlY7r+b18OecqUnmThVGw3nslzYYrwfCGlJ/xQtV5so29SduH2/uhHzA=="
        }
      }
    },
    "@patternfly/pfelement": {
      "version": "1.0.0"
    }
  }
}
