{
  "name": "@patternfly/pfe-navigation",
  "version": "1.0.0-prerelease.50",
  "lockfileVersion": 1,
  "requires": true,
  "dependencies": {
    "@patternfly/pfe-icon": {
      "version": "1.0.0-prerelease.50",
      "resolved": "https://registry.npmjs.org/@patternfly/pfe-icon/-/pfe-icon-1.0.0-prerelease.50.tgz",
      "integrity": "sha512-hzMjWaYgpq3vAtF/Zi8BRdmolxvmB0YGXSYj+5ty+n0YM7xU7iwcTEDfx4h1eYtf0Abw26r3SiibBuzTQOlDUQ==",
      "requires": {
        "@patternfly/pfe-sass": "^1.0.0-prerelease.50",
        "@patternfly/pfelement": "^1.0.0-prerelease.50"
      }
    },
    "@patternfly/pfe-sass": {
      "version": "1.0.0-prerelease.50",
      "resolved": "https://registry.npmjs.org/@patternfly/pfe-sass/-/pfe-sass-1.0.0-prerelease.50.tgz",
      "integrity": "sha512-sYK6UxEzVqqMxIVA5JNVv8virneY7FPSLNfJBD8ENBnwqeUmBJTsE0h3V0LlvpLJhRj0DoBOy1D5DcFB35DPyQ=="
    },
    "@patternfly/pfelement": {
      "version": "1.0.0-prerelease.50",
      "resolved": "https://registry.npmjs.org/@patternfly/pfelement/-/pfelement-1.0.0-prerelease.50.tgz",
      "integrity": "sha512-h3BXylNpxnt7tMXgKgk6ZbV27F/VfVOd4n7FaXDerUM74dT9l+NRjknAqHaVeYRoWpu0OjdsIQsvmkS5QUUz5A=="
    }
  }
}
