{
	"name": "@patternfly/pfe-markdown",
	"version": "1.0.0-prerelease.9",
	"lockfileVersion": 1,
	"requires": true,
	"dependencies": {
		"marked": {
			"version": "0.6.1",
			"resolved": "https://registry.npmjs.org/marked/-/marked-0.6.1.tgz",
			"integrity": "sha512-+H0L3ibcWhAZE02SKMqmvYsErLo4EAVJxu5h3bHBBDvvjeWXtl92rGUSBYHL2++5Y+RSNgl8dYOAXcYe7lp1fA=="
		}
	}
}
