{
	"name": "@patternfly/pfe-markdown",
	"version": "1.0.0",
	"lockfileVersion": 1,
	"requires": true,
	"dependencies": {
		"@patternfly/patternfly": {
			"version": "4.50.4",
			"resolved": "https://registry.npmjs.org/@patternfly/patternfly/-/patternfly-4.50.4.tgz",
			"integrity": "sha512-eoJ/U11m+1uJMt8HTFCJeUNazoHC58Ot6gzfNnJvbX5kibpDdvrMvLk2iuGhEfwzQmiH7BSrxjZqMyevbSZ2Cw==",
			"dev": true
		},
		"@patternfly/pfe-sass": {
			"version": "1.0.0-prerelease.56",
			"resolved": "https://registry.npmjs.org/@patternfly/pfe-sass/-/pfe-sass-1.0.0-prerelease.56.tgz",
			"integrity": "sha512-xIlZy3AzV0CvKu7tnKuyrYCF0UZs633UJG0c5t+i7dCqihqYaJ9Meq0WyX78WMfpCWHTemqZd9W9Epo1AouAKA==",
			"dev": true,
			"requires": {
				"@patternfly/patternfly": "^4.23.3"
			}
		},
		"@patternfly/pfelement": {
			"version": "1.0.0-prerelease.56",
			"resolved": "https://registry.npmjs.org/@patternfly/pfelement/-/pfelement-1.0.0-prerelease.56.tgz",
			"integrity": "sha512-YT+BJ8QLSJUxdhaaPwtoAjwHeunUaZY2y+i/48lMNmO1iGLghmpsH5J6awTZxH4oaIKwQ1MmSBHe7CvzpIrIpw=="
		},
		"marked": {
			"version": "1.2.5",
			"resolved": "https://registry.npmjs.org/marked/-/marked-1.2.5.tgz",
			"integrity": "sha512-2AlqgYnVPOc9WDyWu7S5DJaEZsfk6dNh/neatQ3IHUW4QLutM/VPSH9lG7bif+XjFWc9K9XR3QvR+fXuECmfdA=="
		}
	}
}
