{
  "name": "@patternfly/pfe-markdown",
  "version": "1.0.0",
  "lockfileVersion": 1,
  "requires": true,
  "dependencies": {
    "@patternfly/pfe-sass": {
      "version": "1.0.0",
      "dev": true,
      "requires": {
        "@patternfly/patternfly": "^4.23.3"
      },
      "dependencies": {
        "@patternfly/patternfly": {
          "version": "4.65.6",
          "resolved": "https://repository.engineering.redhat.com/nexus/repository/registry.npmjs.org/@patternfly/patternfly/-/patternfly-4.65.6.tgz",
          "integrity": "sha512-dENO2nZbf5SoEH68coW9U+6FpZmdVnFVjztl7rUeWUPSBUuF1eWld5LT03Q6PVoZuWqqbJxFJodyFKwLb+L9vw==",
          "dev": true
        }
      }
    },
    "@patternfly/pfelement": {
      "version": "1.0.0"
    },
    "marked": {
      "version": "1.2.6",
      "resolved": "https://repository.engineering.redhat.com/nexus/repository/registry.npmjs.org/marked/-/marked-1.2.6.tgz",
      "integrity": "sha512-7vVuSEZ8g/HH3hK/BH/+7u/NJj7x9VY4EHzujLDcqAQLiOUeFJYAsfSAyoWtR17lKrx7b08qyIno4lffwrzTaA=="
    }
  }
}
