{
	"name": "@rhelements/cp-sass",
	"version": "0.0.9",
	"lockfileVersion": 1,
	"requires": true,
	"dependencies": {
		"breakpoint-sass": {
			"version": "2.7.1",
			"resolved": "https://registry.npmjs.org/breakpoint-sass/-/breakpoint-sass-2.7.1.tgz",
			"integrity": "sha1-jvbEdE3MJbqD2Wm2yaF+XaopmAo="
		}
	}
}
