{
  "name": "@patternfly/pfe-sass",
  "version": "1.0.0-prerelease.56",
  "lockfileVersion": 1,
  "requires": true,
  "dependencies": {
    "@patternfly/patternfly": {
      "version": "4.59.1",
      "resolved": "https://registry.npmjs.org/@patternfly/patternfly/-/patternfly-4.59.1.tgz",
      "integrity": "sha512-zk3aqg62JXMTzzJMJsyVgt5fXlcxUUkRKkaxUv/hwpjhGiyLexZ1l3Gupb9ziYl74p38KzbbfcfdnlFCwJZfgg=="
    }
  }
}
