{
  "name": "@patternfly/pfe-sass",
  "version": "1.0.0-prerelease.54",
  "lockfileVersion": 1,
  "requires": true,
  "dependencies": {
    "@patternfly/patternfly": {
      "version": "4.23.3",
      "resolved": "https://registry.npmjs.org/@patternfly/patternfly/-/patternfly-4.23.3.tgz",
      "integrity": "sha512-q8C98ihcRYBY+FB+KY3bQ9y1Pn/NjBff4hwKsxatrs/MSO/++CuEncg4q7WHjIq2zadA4/7W+Vg3CXuiOP0geg=="
    }
  }
}
