{
  "name": "@rhelements/rh-number",
  "version": "1.0.0-prerelease.3",
  "lockfileVersion": 1,
  "requires": true,
  "dependencies": {
    "@rhelements/rhelement": {
      "version": "1.0.0-prerelease.6",
      "resolved": "https://registry.npmjs.org/@rhelements/rhelement/-/rhelement-1.0.0-prerelease.6.tgz",
      "integrity": "sha512-W9kCwLw0DzFjA4LeZNlQxHDxq7zDscOr4f8Ue+9dX8mgDuRqiL21rfccj0gsteckDKmVRGjvadJ1XDcSDwus5w=="
    },
    "numeral": {
      "version": "2.0.6",
      "resolved": "https://registry.npmjs.org/numeral/-/numeral-2.0.6.tgz",
      "integrity": "sha1-StCAk21EPCVhrtnyGX7//iX05QY="
    }
  }
}
