{
  "name": "@rhelements/rh-datetime",
  "version": "0.0.6",
  "lockfileVersion": 1,
  "requires": true,
  "dependencies": {
    "@rhelements/rhelement": {
      "version": "0.0.4",
      "resolved": "https://registry.npmjs.org/@rhelements/rhelement/-/rhelement-0.0.4.tgz",
      "integrity": "sha512-QtEI3bj3PzU7SF3pSTm/92PA4d7Ez5hMa0a7kJqB/wxYiXCjjsQc8yagPeh/9oV+MqNRjN2/r6pT68XjvWbJYQ=="
    }
  }
}
