{
  "name": "@patternfly/pfe-styles",
  "version": "1.0.0-prerelease.56",
  "lockfileVersion": 1,
  "requires": true,
  "dependencies": {
    "@patternfly/patternfly": {
      "version": "4.59.1",
      "resolved": "https://registry.npmjs.org/@patternfly/patternfly/-/patternfly-4.59.1.tgz",
      "integrity": "sha512-zk3aqg62JXMTzzJMJsyVgt5fXlcxUUkRKkaxUv/hwpjhGiyLexZ1l3Gupb9ziYl74p38KzbbfcfdnlFCwJZfgg==",
      "dev": true
    },
    "@patternfly/pfe-sass": {
      "version": "1.0.0-prerelease.56",
      "resolved": "https://registry.npmjs.org/@patternfly/pfe-sass/-/pfe-sass-1.0.0-prerelease.56.tgz",
      "integrity": "sha512-xIlZy3AzV0CvKu7tnKuyrYCF0UZs633UJG0c5t+i7dCqihqYaJ9Meq0WyX78WMfpCWHTemqZd9W9Epo1AouAKA==",
      "dev": true,
      "requires": {
        "@patternfly/patternfly": "^4.23.3"
      }
    }
  }
}
