{
  "name": "@patternfly/pfe-content-set",
  "version": "1.0.0-prerelease.50",
  "lockfileVersion": 1,
  "requires": true,
  "dependencies": {
    "@patternfly/pfe-accordion": {
      "version": "1.0.0-prerelease.50",
      "resolved": "https://registry.npmjs.org/@patternfly/pfe-accordion/-/pfe-accordion-1.0.0-prerelease.50.tgz",
      "integrity": "sha512-Zz8r3c+ciplh/cBhic+En2cdTKdDfkIn/OovYaZbwzvGNWJNEMkHbl2f9jvxOYpM+hK/B+5q6uqLxgxKGAFRpw==",
      "requires": {
        "@patternfly/pfe-sass": "^1.0.0-prerelease.50",
        "@patternfly/pfelement": "^1.0.0-prerelease.50"
      }
    },
    "@patternfly/pfe-sass": {
      "version": "1.0.0-prerelease.50",
      "resolved": "https://registry.npmjs.org/@patternfly/pfe-sass/-/pfe-sass-1.0.0-prerelease.50.tgz",
      "integrity": "sha512-sYK6UxEzVqqMxIVA5JNVv8virneY7FPSLNfJBD8ENBnwqeUmBJTsE0h3V0LlvpLJhRj0DoBOy1D5DcFB35DPyQ=="
    },
    "@patternfly/pfe-tabs": {
      "version": "1.0.0-prerelease.50",
      "resolved": "https://registry.npmjs.org/@patternfly/pfe-tabs/-/pfe-tabs-1.0.0-prerelease.50.tgz",
      "integrity": "sha512-jzudzed3jlCeTDq9si7k1IwzVXcPYH93SA+apeXcz8jHwa1LcleTsMLoBmHiWkjI9QbfUrWUVR7rzUZj8tY0Mw==",
      "requires": {
        "@patternfly/pfe-sass": "^1.0.0-prerelease.50",
        "@patternfly/pfelement": "^1.0.0-prerelease.50"
      }
    },
    "@patternfly/pfelement": {
      "version": "1.0.0-prerelease.50",
      "resolved": "https://registry.npmjs.org/@patternfly/pfelement/-/pfelement-1.0.0-prerelease.50.tgz",
      "integrity": "sha512-h3BXylNpxnt7tMXgKgk6ZbV27F/VfVOd4n7FaXDerUM74dT9l+NRjknAqHaVeYRoWpu0OjdsIQsvmkS5QUUz5A=="
    }
  }
}
