{
  "name": "@patternfly/pfe-content-set",
  "version": "1.0.0-prerelease.9",
  "lockfileVersion": 1,
  "requires": true,
  "dependencies": {
    "@patternfly/pfe-accordion": {
      "version": "1.0.0-prerelease.9",
      "requires": {
        "@patternfly/pfe-sass": "^1.0.0-prerelease.9",
        "@patternfly/pfelement": "^1.0.0-prerelease.9"
      },
      "dependencies": {
        "@patternfly/pfe-sass": {
          "version": "1.0.0-prerelease.9",
          "bundled": true
        },
        "@patternfly/pfelement": {
          "version": "1.0.0-prerelease.9",
          "bundled": true
        }
      }
    },
    "@patternfly/pfe-tabs": {
      "version": "1.0.0-prerelease.9",
      "requires": {
        "@patternfly/pfe-sass": "^1.0.0-prerelease.9",
        "@patternfly/pfelement": "^1.0.0-prerelease.9"
      },
      "dependencies": {
        "@patternfly/pfe-sass": {
          "version": "1.0.0-prerelease.9",
          "bundled": true
        },
        "@patternfly/pfelement": {
          "version": "1.0.0-prerelease.9",
          "bundled": true
        }
      }
    },
    "@patternfly/pfelement": {
      "version": "1.0.0-prerelease.9"
    }
  }
}
