{
  "name": "@patternfly/pfe-content-set",
  "version": "1.0.0-prerelease.48",
  "lockfileVersion": 1,
  "requires": true,
  "dependencies": {
    "@patternfly/pfe-accordion": {
      "version": "1.0.0-prerelease.14",
      "resolved": "https://registry.npmjs.org/@patternfly/pfe-accordion/-/pfe-accordion-1.0.0-prerelease.14.tgz",
      "integrity": "sha512-WwyChUumC9vDOHHf/svKcxZnAVoKxrEh2wXBxasXjtfskoYM+/YQZte4tMIOO/hAH5kQenSjdX34ObgOZYlbzg==",
      "requires": {
        "@patternfly/pfe-sass": "^1.0.0-prerelease.14",
        "@patternfly/pfelement": "^1.0.0-prerelease.14"
      }
    },
    "@patternfly/pfe-sass": {
      "version": "1.0.0-prerelease.14",
      "resolved": "https://registry.npmjs.org/@patternfly/pfe-sass/-/pfe-sass-1.0.0-prerelease.14.tgz",
      "integrity": "sha512-QvlI56Gem4hUTdnnwnL05Xms9PGEgGLhk+HvfjSsb7aH8fV46Br/Yh4nZryFBN2PASsP5NVHltF1gD+RWC7tdw=="
    },
    "@patternfly/pfe-tabs": {
      "version": "1.0.0-prerelease.14",
      "resolved": "https://registry.npmjs.org/@patternfly/pfe-tabs/-/pfe-tabs-1.0.0-prerelease.14.tgz",
      "integrity": "sha512-JSIo0+O4BtQpDJ4/lOl5Gto8/AebwqRFQMmhF37AoYcZ4T0/WZxxhsql3BSNFCOfkhvMYji6jCPvBy/aj1NH+Q==",
      "requires": {
        "@patternfly/pfe-sass": "^1.0.0-prerelease.14",
        "@patternfly/pfelement": "^1.0.0-prerelease.14"
      }
    },
    "@patternfly/pfelement": {
      "version": "1.0.0-prerelease.14",
      "resolved": "https://registry.npmjs.org/@patternfly/pfelement/-/pfelement-1.0.0-prerelease.14.tgz",
      "integrity": "sha512-4W5yO+QIt/V1QtK9IdcUTldfvu0m9zH4l3u978lZlhuFvzSZBsOlvKVP4KZVr3oOQ5ZjpG17iuKJ1udQoD9aPw=="
    }
  }
}
