{
  "requires": true,
  "lockfileVersion": 1,
  "dependencies": {
    "rhelement-sass": {
      "version": "0.0.1",
      "resolved": "https://registry.npmjs.org/rhelement-sass/-/rhelement-sass-0.0.1.tgz",
      "integrity": "sha512-Nwcae5QwtRNgGYBJCU1ScFFxB3RzLSRGI1ktcNiBtbCZBVnU3GIpRVxcyi8On77IdJNnC0EpTN2hDje4tRCQqw=="
    }
  }
}
