{
  "name": "@rhelements/cp-more-like-this",
  "version": "0.0.4",
  "lockfileVersion": 1,
  "requires": true,
  "dependencies": {
    "@rhelements/cp-sass": {
      "version": "0.0.9",
      "resolved": "https://registry.npmjs.org/@rhelements/cp-sass/-/cp-sass-0.0.9.tgz",
      "integrity": "sha1-Ejac87zz9B1Akcb0tj29qb/XV6c=",
      "requires": {
        "breakpoint-sass": "2.7.1"
      }
    },
    "@rhelements/cp-styles": {
      "version": "0.0.10",
      "resolved": "https://registry.npmjs.org/@rhelements/cp-styles/-/cp-styles-0.0.10.tgz",
      "integrity": "sha512-kuK5juVxUtHfJ8rhXypsYNLYsSEMGEhgLehMYkMohTAOcYBGd8WPaUTTRs/Y/+adal839dZ40hjh99QtOd9Gsg==",
      "requires": {
        "@rhelements/cp-sass": "0.0.9",
        "@rhelements/rh-overpass": "0.1.4"
      }
    },
    "@rhelements/rh-datetime": {
      "version": "0.0.5",
      "resolved": "https://registry.npmjs.org/@rhelements/rh-datetime/-/rh-datetime-0.0.5.tgz",
      "integrity": "sha512-MtJ97jX5gccoloH6K6CdaNOSUgNL4xIPxB4mb8T1VB8Haaog9OnmfbCF4oB7Iss2Qqm3e8Mm2+64A9r//XHlsQ=="
    },
    "@rhelements/rh-overpass": {
      "version": "0.1.4",
      "resolved": "https://registry.npmjs.org/@rhelements/rh-overpass/-/rh-overpass-0.1.4.tgz",
      "integrity": "sha512-4aNP5E754yte4IsDv4Wl0aSbyx7nuVuMZe7NQBFxfIQgkmjBgsYoLUejT5ZkuT+KOANib3IhAv13rzJHr6FWyg==",
      "requires": {
        "rhelement-sass": "0.0.1"
      }
    },
    "@rhelements/rhelement": {
      "version": "0.0.4",
      "resolved": "https://registry.npmjs.org/@rhelements/rhelement/-/rhelement-0.0.4.tgz",
      "integrity": "sha512-QtEI3bj3PzU7SF3pSTm/92PA4d7Ez5hMa0a7kJqB/wxYiXCjjsQc8yagPeh/9oV+MqNRjN2/r6pT68XjvWbJYQ=="
    },
    "breakpoint-sass": {
      "version": "2.7.1",
      "resolved": "https://registry.npmjs.org/breakpoint-sass/-/breakpoint-sass-2.7.1.tgz",
      "integrity": "sha1-jvbEdE3MJbqD2Wm2yaF+XaopmAo="
    },
    "cp-sass": {
      "version": "0.0.4",
      "resolved": "https://registry.npmjs.org/cp-sass/-/cp-sass-0.0.4.tgz",
      "integrity": "sha512-4V1ykGqmhor+yO34XmUEV1/Ul7C+F6Xks6nCoaWr/iI2OmZuvoWObyM+RnG3ZiTe8eCLiqwFm4a/uckXSfosdA==",
      "requires": {
        "breakpoint-sass": "2.7.1"
      }
    },
    "cp-styles": {
      "version": "0.0.3",
      "resolved": "https://registry.npmjs.org/cp-styles/-/cp-styles-0.0.3.tgz",
      "integrity": "sha512-C2L+bFKrQchKvDu5msST70AQhbYwXmYS9RJuocyqhCeAO4fSHbX2f0ZCS5Dg3IOb+fH9/1h39fGk3fqzyLB8uA==",
      "requires": {
        "cp-sass": "0.0.4",
        "rh-overpass": "0.1.1"
      }
    },
    "rh-overpass": {
      "version": "0.1.1",
      "resolved": "https://registry.npmjs.org/rh-overpass/-/rh-overpass-0.1.1.tgz",
      "integrity": "sha512-xnWoR9RtvCzlqkklz/gzA1AWvW/16BQLcW9cJfS6MyIo/TzxZqF1Jtg2kzexGPI8A+t/BVgiLzDYaGdPbxRzTQ==",
      "requires": {
        "rhelement-sass": "0.0.1"
      }
    },
    "rhelement-sass": {
      "version": "0.0.1",
      "resolved": "https://registry.npmjs.org/rhelement-sass/-/rhelement-sass-0.0.1.tgz",
      "integrity": "sha512-Nwcae5QwtRNgGYBJCU1ScFFxB3RzLSRGI1ktcNiBtbCZBVnU3GIpRVxcyi8On77IdJNnC0EpTN2hDje4tRCQqw=="
    },
    "whatwg-fetch": {
      "version": "2.0.3",
      "resolved": "https://registry.npmjs.org/whatwg-fetch/-/whatwg-fetch-2.0.3.tgz",
      "integrity": "sha1-nITsLc9oGH/wC8ZOEnS0QhduHIQ="
    }
  }
}
