{
  "name": "@patternfly/pfe-band",
  "version": "1.0.0-prerelease.24",
  "lockfileVersion": 1,
  "requires": true,
  "dependencies": {
    "@patternfly/pfe-sass": {
      "version": "1.0.0-prerelease.24",
      "resolved": "https://registry.npmjs.org/@patternfly/pfe-sass/-/pfe-sass-1.0.0-prerelease.24.tgz",
      "integrity": "sha512-gsH6D3yHVjKnRZenycfXtOZJEGg2xQ0qb+5Gk3gbbjv1jHXFJjIY7FBkxfp3I+KARcnqmwTIwnzJPtRgGAoSEA=="
    },
    "@patternfly/pfelement": {
      "version": "1.0.0-prerelease.24",
      "resolved": "https://registry.npmjs.org/@patternfly/pfelement/-/pfelement-1.0.0-prerelease.24.tgz",
      "integrity": "sha512-w0t+zeYYtAZCnymCx3m7WiHxVO2BsLavWzUMqCI0fCxJl9RCyVxWPVOjPQFpeK6yRC/GXgNMckmO9R6OQLbtcQ=="
    }
  }
}
