{
  "name": "@rhelements/all",
  "version": "1.0.0",
  "lockfileVersion": 1,
  "requires": true,
  "dependencies": {
    "@rhelements/cp-themeset": {
      "version": "file:../cp-themeset"
    },
    "@rhelements/rh-button": {
      "version": "file:../rh-button",
      "requires": {
        "@rhelements/rh-sass": "0.0.2",
        "@rhelements/rhelement": "0.0.4"
      },
      "dependencies": {
        "@rhelements/rh-sass": {
          "version": "0.0.2",
          "bundled": true,
          "requires": {
            "breakpoint-sass": "2.7.1"
          },
          "dependencies": {
            "breakpoint-sass": {
              "version": "2.7.1",
              "bundled": true
            }
          }
        },
        "@rhelements/rhelement": {
          "version": "0.0.4",
          "bundled": true
        },
        "breakpoint-sass": {
          "version": "2.7.1",
          "bundled": true
        }
      }
    },
    "@rhelements/rh-card": {
      "version": "file:../rh-card",
      "requires": {
        "@rhelements/rh-sass": "0.0.2",
        "@rhelements/rhelement": "0.0.4"
      },
      "dependencies": {
        "@rhelements/rh-sass": {
          "version": "0.0.2",
          "bundled": true,
          "requires": {
            "breakpoint-sass": "2.7.1"
          },
          "dependencies": {
            "breakpoint-sass": {
              "version": "2.7.1",
              "bundled": true
            }
          }
        },
        "@rhelements/rhelement": {
          "version": "0.0.4",
          "bundled": true
        },
        "breakpoint-sass": {
          "version": "2.7.1",
          "bundled": true
        }
      }
    },
    "@rhelements/rh-cta": {
      "version": "file:../rh-cta",
      "requires": {
        "@rhelements/rh-sass": "0.0.2",
        "@rhelements/rhelement": "0.0.4"
      },
      "dependencies": {
        "@rhelements/rh-sass": {
          "version": "0.0.2",
          "bundled": true,
          "requires": {
            "breakpoint-sass": "2.7.1"
          },
          "dependencies": {
            "breakpoint-sass": {
              "version": "2.7.1",
              "bundled": true
            }
          }
        },
        "@rhelements/rhelement": {
          "version": "0.0.4",
          "bundled": true
        },
        "breakpoint-sass": {
          "version": "2.7.1",
          "bundled": true
        }
      }
    },
    "@rhelements/rh-datetime": {
      "version": "file:../rh-datetime",
      "requires": {
        "@rhelements/rhelement": "0.0.4"
      },
      "dependencies": {
        "@rhelements/rhelement": {
          "version": "0.0.4",
          "bundled": true
        }
      }
    },
    "@rhelements/rh-dialog": {
      "version": "file:../rh-dialog",
      "requires": {
        "@rhelements/rh-sass": "0.0.2",
        "@rhelements/rhelement": "0.0.4",
        "dialog-polyfill": "0.4.10"
      },
      "dependencies": {
        "@rhelements/rh-sass": {
          "version": "0.0.2",
          "bundled": true,
          "requires": {
            "breakpoint-sass": "2.7.1"
          },
          "dependencies": {
            "breakpoint-sass": {
              "version": "2.7.1",
              "bundled": true
            }
          }
        },
        "@rhelements/rhelement": {
          "version": "0.0.4",
          "bundled": true
        },
        "breakpoint-sass": {
          "version": "2.7.1",
          "bundled": true
        },
        "dialog-polyfill": {
          "version": "0.4.10",
          "bundled": true
        }
      }
    },
    "@rhelements/rh-dropdown": {
      "version": "file:../rh-dropdown",
      "requires": {
        "@rhelements/rh-dropdown-button": "0.1.5",
        "@rhelements/rh-dropdown-menu": "0.1.3",
        "@rhelements/rh-sass": "0.0.2",
        "@rhelements/rhelement": "0.0.4"
      },
      "dependencies": {
        "@rhelements/cp-sass": {
          "version": "0.1.11",
          "bundled": true,
          "requires": {
            "breakpoint-sass": "2.7.1"
          }
        },
        "@rhelements/cp-styles": {
          "version": "0.0.10",
          "bundled": true,
          "requires": {
            "@rhelements/cp-sass": "0.1.11",
            "@rhelements/rh-overpass": "0.1.4"
          }
        },
        "@rhelements/rh-dropdown-button": {
          "version": "0.1.5",
          "bundled": true,
          "requires": {
            "@rhelements/rh-sass": "0.0.2",
            "@rhelements/rhelement": "0.0.4"
          },
          "dependencies": {
            "@rhelements/rh-sass": {
              "version": "0.0.2",
              "bundled": true,
              "requires": {
                "breakpoint-sass": "2.7.1"
              },
              "dependencies": {
                "breakpoint-sass": {
                  "version": "2.7.1",
                  "bundled": true
                }
              }
            },
            "@rhelements/rhelement": {
              "version": "0.0.4",
              "bundled": true
            },
            "breakpoint-sass": {
              "version": "2.7.1",
              "bundled": true
            }
          }
        },
        "@rhelements/rh-dropdown-menu": {
          "version": "0.1.3",
          "bundled": true,
          "requires": {
            "@rhelements/rh-sass": "0.0.2",
            "@rhelements/rhelement": "0.0.4"
          },
          "dependencies": {
            "@rhelements/rh-sass": {
              "version": "0.0.2",
              "bundled": true,
              "requires": {
                "breakpoint-sass": "2.7.1"
              },
              "dependencies": {
                "breakpoint-sass": {
                  "version": "2.7.1",
                  "bundled": true
                }
              }
            },
            "@rhelements/rhelement": {
              "version": "0.0.4",
              "bundled": true
            },
            "breakpoint-sass": {
              "version": "2.7.1",
              "bundled": true
            }
          }
        },
        "@rhelements/rh-overpass": {
          "version": "0.1.4",
          "bundled": true,
          "requires": {
            "rhelement-sass": "0.0.1"
          }
        },
        "@rhelements/rh-sass": {
          "version": "0.0.2",
          "bundled": true,
          "requires": {
            "breakpoint-sass": "2.7.1"
          },
          "dependencies": {
            "breakpoint-sass": {
              "version": "2.7.1",
              "bundled": true
            }
          }
        },
        "@rhelements/rhelement": {
          "version": "0.0.4",
          "bundled": true
        },
        "breakpoint-sass": {
          "version": "2.7.1",
          "bundled": true
        },
        "rhelement-sass": {
          "version": "0.0.1",
          "bundled": true
        }
      }
    },
    "@rhelements/rh-dropdown-button": {
      "version": "file:../rh-dropdown-button",
      "requires": {
        "@rhelements/rh-sass": "0.0.2",
        "@rhelements/rhelement": "0.0.4"
      },
      "dependencies": {
        "@rhelements/rh-sass": {
          "version": "0.0.2",
          "bundled": true,
          "requires": {
            "breakpoint-sass": "2.7.1"
          },
          "dependencies": {
            "breakpoint-sass": {
              "version": "2.7.1",
              "bundled": true
            }
          }
        },
        "@rhelements/rhelement": {
          "version": "0.0.4",
          "bundled": true
        },
        "breakpoint-sass": {
          "version": "2.7.1",
          "bundled": true
        }
      }
    },
    "@rhelements/rh-dropdown-menu": {
      "version": "file:../rh-dropdown-menu",
      "requires": {
        "@rhelements/rh-sass": "0.0.2",
        "@rhelements/rhelement": "0.0.4"
      },
      "dependencies": {
        "@rhelements/rh-sass": {
          "version": "0.0.2",
          "bundled": true,
          "requires": {
            "breakpoint-sass": "2.7.1"
          },
          "dependencies": {
            "breakpoint-sass": {
              "version": "2.7.1",
              "bundled": true
            }
          }
        },
        "@rhelements/rhelement": {
          "version": "0.0.4",
          "bundled": true
        },
        "breakpoint-sass": {
          "version": "2.7.1",
          "bundled": true
        }
      }
    },
    "@rhelements/rh-icon": {
      "version": "file:../rh-icon",
      "requires": {
        "@rhelements/rh-sass": "0.0.2",
        "@rhelements/rhelement": "0.0.4"
      },
      "dependencies": {
        "@rhelements/rh-sass": {
          "version": "0.0.2",
          "bundled": true,
          "requires": {
            "breakpoint-sass": "2.7.1"
          },
          "dependencies": {
            "breakpoint-sass": {
              "version": "2.7.1",
              "bundled": true
            }
          }
        },
        "@rhelements/rhelement": {
          "version": "0.0.4",
          "bundled": true
        },
        "breakpoint-sass": {
          "version": "2.7.1",
          "bundled": true
        }
      }
    },
    "@rhelements/rh-icon-panel": {
      "version": "file:../rh-icon-panel",
      "requires": {
        "@rhelements/rh-sass": "0.0.2",
        "@rhelements/rhelement": "0.0.4"
      },
      "dependencies": {
        "@rhelements/rh-sass": {
          "version": "0.0.2",
          "bundled": true,
          "requires": {
            "breakpoint-sass": "2.7.1"
          },
          "dependencies": {
            "breakpoint-sass": {
              "version": "2.7.1",
              "bundled": true
            }
          }
        },
        "@rhelements/rhelement": {
          "version": "0.0.4",
          "bundled": true
        },
        "breakpoint-sass": {
          "version": "2.7.1",
          "bundled": true
        }
      }
    },
    "@rhelements/rh-multiswitch": {
      "version": "file:../rh-multiswitch",
      "requires": {
        "@rhelements/rh-sass": "0.0.2",
        "@rhelements/rhelement": "0.0.4"
      },
      "dependencies": {
        "@rhelements/rh-sass": {
          "version": "0.0.2",
          "bundled": true,
          "requires": {
            "breakpoint-sass": "2.7.1"
          },
          "dependencies": {
            "breakpoint-sass": {
              "version": "2.7.1",
              "bundled": true
            }
          }
        },
        "@rhelements/rhelement": {
          "version": "0.0.4",
          "bundled": true
        },
        "breakpoint-sass": {
          "version": "2.7.1",
          "bundled": true
        }
      }
    },
    "@rhelements/rh-number": {
      "version": "file:../rh-number",
      "requires": {
        "@rhelements/rhelement": "0.0.4",
        "numeral": "github:RHElements/Numeral-js#ab1ba408633d1b51c314a517fe35d458a33fdbcc"
      },
      "dependencies": {
        "@rhelements/rhelement": {
          "version": "0.0.4",
          "bundled": true
        },
        "numeral": {
          "version": "github:RHElements/Numeral-js#ab1ba408633d1b51c314a517fe35d458a33fdbcc",
          "bundled": true
        }
      }
    },
    "@rhelements/rh-overpass": {
      "version": "file:../rh-overpass",
      "requires": {
        "rhelement-sass": "0.0.1"
      },
      "dependencies": {
        "rhelement-sass": {
          "version": "0.0.1",
          "bundled": true
        }
      }
    },
    "@rhelements/rh-sass": {
      "version": "file:../rh-sass",
      "requires": {
        "breakpoint-sass": "2.7.1"
      },
      "dependencies": {
        "breakpoint-sass": {
          "version": "2.7.1",
          "bundled": true
        }
      }
    },
    "@rhelements/rh-search-result": {
      "version": "file:../rh-search-result",
      "requires": {
        "@rhelements/rh-sass": "0.0.2",
        "@rhelements/rhelement": "0.0.4"
      },
      "dependencies": {
        "@rhelements/rh-sass": {
          "version": "0.0.2",
          "bundled": true,
          "requires": {
            "breakpoint-sass": "2.7.1"
          },
          "dependencies": {
            "breakpoint-sass": {
              "version": "2.7.1",
              "bundled": true
            }
          }
        },
        "@rhelements/rhelement": {
          "version": "0.0.4",
          "bundled": true
        },
        "breakpoint-sass": {
          "version": "2.7.1",
          "bundled": true
        }
      }
    },
    "@rhelements/rhe-layouts": {
      "version": "file:../rhe-layouts"
    },
    "@rhelements/rhelement": {
      "version": "file:../rhelement"
    },
    "@rhelements/test-themeset": {
      "version": "file:../test-themeset"
    }
  }
}
