{
  "name": "@patternfly/pfe-codeblock",
  "version": "1.0.0-prerelease.45",
  "lockfileVersion": 1,
  "requires": true,
  "dependencies": {
    "@patternfly/pfe-sass": {
      "version": "1.0.0-prerelease.45",
      "resolved": "https://repository.engineering.redhat.com/nexus/repository/registry.npmjs.org/@patternfly/pfe-sass/-/pfe-sass-1.0.0-prerelease.40.tgz",
      "integrity": "sha512-TV+/ve5nzV7xd6bECP5HRry5ZgkSdZNOJ3U/DAKUia85gkwE+mC9w5E8rQc3VL8C9Y5yCAYsy0kiaEguiODIrQ=="
    },
    "@patternfly/pfelement": {
      "version": "1.0.0-prerelease.45",
      "resolved": "https://repository.engineering.redhat.com/nexus/repository/registry.npmjs.org/@patternfly/pfelement/-/pfelement-1.0.0-prerelease.39.tgz",
      "integrity": "sha512-bsgp9eyTrd4oZFuAuwdy2fZS9nPhiuXUkqbh9u9yFAMKaKoGeKCCYRoitMm0lEOH9/FF1BiNsHNN6qUrNJs8eQ=="
    }
  }
}
