{
  "name": "@patternfly/pfe-modal",
  "version": "1.0.0-prerelease.48",
  "lockfileVersion": 1,
  "requires": true,
  "dependencies": {
    "@patternfly/pfe-sass": {
      "version": "1.0.0-prerelease.17",
      "resolved": "https://registry.npmjs.org/@patternfly/pfe-sass/-/pfe-sass-1.0.0-prerelease.17.tgz",
      "integrity": "sha512-hMQsENg8f7UU9scYC1afnXMpILswENoPU2l1MdsLowTykwwUkOPEtECszmW8OeF0PhP7yUeauwr1NUp33r4bZA=="
    },
    "@patternfly/pfelement": {
      "version": "1.0.0-prerelease.17",
      "resolved": "https://registry.npmjs.org/@patternfly/pfelement/-/pfelement-1.0.0-prerelease.17.tgz",
      "integrity": "sha512-lvZgFD7HLeTggm9wpNNA8Ljqcm4Wc4eSS22k7uOgMG95Xl0t1YHn/YGJ/vzmdHXCOW2VHaJF8TCbjBFweRBltg=="
    }
  }
}
