{
  "name": "@rhelements/rh-band",
  "version": "1.0.0-prerelease.7",
  "lockfileVersion": 1,
  "requires": true,
  "dependencies": {
    "@rhelements/rh-sass": {
      "version": "1.0.0-prerelease.7",
      "resolved": "https://registry.npmjs.org/@rhelements/rh-sass/-/rh-sass-1.0.0-prerelease.7.tgz",
      "integrity": "sha512-7nn6ZkAyTbfPV3MtqdQbrdQFQia/b4720LcQp04pizd27QIeMqYXROx+K/D5a0t9gKyoRcSRCahZoJMTd0gv0Q=="
    },
    "@rhelements/rhelement": {
      "version": "1.0.0-prerelease.7",
      "resolved": "https://registry.npmjs.org/@rhelements/rhelement/-/rhelement-1.0.0-prerelease.7.tgz",
      "integrity": "sha512-qfoxh0hAKvNlX3et6yPubie19ytAGkp/IxVd77Pyd2YuPDOChLDdXqgmgfvg1NwqANBbwZRFPtRJojCJ4GkYaA=="
    }
  }
}
